// !$*UTF8*$!
{
	archiveVersion = 1;
	classes = {
	};
	objectVersion = 56;
	objects = {

/* Begin PBXBuildFile section */
		A5FCFFFD2AC49E0000D381E8 /* HapticService.swift in Sources */ = {isa = PBXBuildFile; fileRef = A5FCFFFC2AC49E0000D381E8 /* HapticService.swift */; };
		A5FCFFFF2AC4A45500D381E8 /* SoundManager.swift in Sources */ = {isa = PBXBuildFile; fileRef = A5FCFFFE2AC4A45500D381E8 /* SoundManager.swift */; };
		A797484D2AC3411E00660AC4 /* Puff.swift in Sources */ = {isa = PBXBuildFile; fileRef = A797484C2AC3411E00660AC4 /* Puff.swift */; };
		A797484F2AC3412C00660AC4 /* Animal.swift in Sources */ = {isa = PBXBuildFile; fileRef = A797484E2AC3412C00660AC4 /* Animal.swift */; };
		A79748512AC3446F00660AC4 /* Urchin.swift in Sources */ = {isa = PBXBuildFile; fileRef = A79748502AC3446F00660AC4 /* Urchin.swift */; };
		A79748532AC3449700660AC4 /* Starfish.swift in Sources */ = {isa = PBXBuildFile; fileRef = A79748522AC3449700660AC4 /* Starfish.swift */; };
		A79748552AC344AE00660AC4 /* Player.swift in Sources */ = {isa = PBXBuildFile; fileRef = A79748542AC344AE00660AC4 /* Player.swift */; };
		A79748572AC34B9100660AC4 /* Utility.swift in Sources */ = {isa = PBXBuildFile; fileRef = A79748562AC34B9100660AC4 /* Utility.swift */; };
		A79748592AC5F62900660AC4 /* TutorialScene.swift in Sources */ = {isa = PBXBuildFile; fileRef = A79748582AC5F62900660AC4 /* TutorialScene.swift */; };
		A79748642AC662E300660AC4 /* puff.mp3 in Resources */ = {isa = PBXBuildFile; fileRef = A79748622AC662E200660AC4 /* puff.mp3 */; };
		A79748652AC662E300660AC4 /* plop.mp3 in Resources */ = {isa = PBXBuildFile; fileRef = A79748632AC662E200660AC4 /* plop.mp3 */; };
		B1D2BB662AC6157F00B50231 /* gameSound.mp3 in Resources */ = {isa = PBXBuildFile; fileRef = B1D2BB652AC6157F00B50231 /* gameSound.mp3 */; };
		B1FFC5F22AC215B8007EC192 /* AppDelegate.swift in Sources */ = {isa = PBXBuildFile; fileRef = B1FFC5F12AC215B8007EC192 /* AppDelegate.swift */; };
		B1FFC5F42AC215B9007EC192 /* GameScene.sks in Resources */ = {isa = PBXBuildFile; fileRef = B1FFC5F32AC215B9007EC192 /* GameScene.sks */; };
		B1FFC5F62AC215B9007EC192 /* Actions.sks in Resources */ = {isa = PBXBuildFile; fileRef = B1FFC5F52AC215B9007EC192 /* Actions.sks */; };
		B1FFC5F82AC215B9007EC192 /* GameScene.swift in Sources */ = {isa = PBXBuildFile; fileRef = B1FFC5F72AC215B9007EC192 /* GameScene.swift */; };
		B1FFC5FA2AC215B9007EC192 /* GameViewController.swift in Sources */ = {isa = PBXBuildFile; fileRef = B1FFC5F92AC215B9007EC192 /* GameViewController.swift */; };
		B1FFC5FD2AC215B9007EC192 /* Main.storyboard in Resources */ = {isa = PBXBuildFile; fileRef = B1FFC5FB2AC215B9007EC192 /* Main.storyboard */; };
		B1FFC5FF2AC215B9007EC192 /* Assets.xcassets in Resources */ = {isa = PBXBuildFile; fileRef = B1FFC5FE2AC215B9007EC192 /* Assets.xcassets */; };
		B1FFC6022AC215B9007EC192 /* LaunchScreen.storyboard in Resources */ = {isa = PBXBuildFile; fileRef = B1FFC6002AC215B9007EC192 /* LaunchScreen.storyboard */; };
		B1FFC60B2AC2178E007EC192 /* MenuScene.swift in Sources */ = {isa = PBXBuildFile; fileRef = B1FFC60A2AC2178E007EC192 /* MenuScene.swift */; };
		B1FFC60E2AC21813007EC192 /* GameOverScene.swift in Sources */ = {isa = PBXBuildFile; fileRef = B1FFC60D2AC21813007EC192 /* GameOverScene.swift */; };
/* End PBXBuildFile section */

/* Begin PBXFileReference section */
		A5FCFFFC2AC49E0000D381E8 /* HapticService.swift */ = {isa = PBXFileReference; lastKnownFileType = sourcecode.swift; path = HapticService.swift; sourceTree = "<group>"; };
		A5FCFFFE2AC4A45500D381E8 /* SoundManager.swift */ = {isa = PBXFileReference; lastKnownFileType = sourcecode.swift; path = SoundManager.swift; sourceTree = "<group>"; };
		A797484C2AC3411E00660AC4 /* Puff.swift */ = {isa = PBXFileReference; lastKnownFileType = sourcecode.swift; path = Puff.swift; sourceTree = "<group>"; };
		A797484E2AC3412C00660AC4 /* Animal.swift */ = {isa = PBXFileReference; lastKnownFileType = sourcecode.swift; path = Animal.swift; sourceTree = "<group>"; };
		A79748502AC3446F00660AC4 /* Urchin.swift */ = {isa = PBXFileReference; lastKnownFileType = sourcecode.swift; path = Urchin.swift; sourceTree = "<group>"; };
		A79748522AC3449700660AC4 /* Starfish.swift */ = {isa = PBXFileReference; lastKnownFileType = sourcecode.swift; path = Starfish.swift; sourceTree = "<group>"; };
		A79748542AC344AE00660AC4 /* Player.swift */ = {isa = PBXFileReference; lastKnownFileType = sourcecode.swift; path = Player.swift; sourceTree = "<group>"; };
		A79748562AC34B9100660AC4 /* Utility.swift */ = {isa = PBXFileReference; lastKnownFileType = sourcecode.swift; path = Utility.swift; sourceTree = "<group>"; };
		A79748582AC5F62900660AC4 /* TutorialScene.swift */ = {isa = PBXFileReference; lastKnownFileType = sourcecode.swift; path = TutorialScene.swift; sourceTree = "<group>"; };
		A79748622AC662E200660AC4 /* puff.mp3 */ = {isa = PBXFileReference; lastKnownFileType = audio.mp3; path = puff.mp3; sourceTree = "<group>"; };
		A79748632AC662E200660AC4 /* plop.mp3 */ = {isa = PBXFileReference; lastKnownFileType = audio.mp3; path = plop.mp3; sourceTree = "<group>"; };
		B1D2BB652AC6157F00B50231 /* gameSound.mp3 */ = {isa = PBXFileReference; lastKnownFileType = audio.mp3; path = gameSound.mp3; sourceTree = "<group>"; };
		B1FFC5EE2AC215B8007EC192 /* PuffMe.app */ = {isa = PBXFileReference; explicitFileType = wrapper.application; includeInIndex = 0; path = PuffMe.app; sourceTree = BUILT_PRODUCTS_DIR; };
		B1FFC5F12AC215B8007EC192 /* AppDelegate.swift */ = {isa = PBXFileReference; lastKnownFileType = sourcecode.swift; path = AppDelegate.swift; sourceTree = "<group>"; };
		B1FFC5F32AC215B9007EC192 /* GameScene.sks */ = {isa = PBXFileReference; lastKnownFileType = file.sks; path = GameScene.sks; sourceTree = "<group>"; };
		B1FFC5F52AC215B9007EC192 /* Actions.sks */ = {isa = PBXFileReference; lastKnownFileType = file.sks; path = Actions.sks; sourceTree = "<group>"; };
		B1FFC5F72AC215B9007EC192 /* GameScene.swift */ = {isa = PBXFileReference; lastKnownFileType = sourcecode.swift; path = GameScene.swift; sourceTree = "<group>"; };
		B1FFC5F92AC215B9007EC192 /* GameViewController.swift */ = {isa = PBXFileReference; lastKnownFileType = sourcecode.swift; path = GameViewController.swift; sourceTree = "<group>"; };
		B1FFC5FC2AC215B9007EC192 /* Base */ = {isa = PBXFileReference; lastKnownFileType = file.storyboard; name = Base; path = Base.lproj/Main.storyboard; sourceTree = "<group>"; };
		B1FFC5FE2AC215B9007EC192 /* Assets.xcassets */ = {isa = PBXFileReference; lastKnownFileType = folder.assetcatalog; path = Assets.xcassets; sourceTree = "<group>"; };
		B1FFC6012AC215B9007EC192 /* Base */ = {isa = PBXFileReference; lastKnownFileType = file.storyboard; name = Base; path = Base.lproj/LaunchScreen.storyboard; sourceTree = "<group>"; };
		B1FFC60A2AC2178E007EC192 /* MenuScene.swift */ = {isa = PBXFileReference; lastKnownFileType = sourcecode.swift; path = MenuScene.swift; sourceTree = "<group>"; };
		B1FFC60D2AC21813007EC192 /* GameOverScene.swift */ = {isa = PBXFileReference; lastKnownFileType = sourcecode.swift; path = GameOverScene.swift; sourceTree = "<group>"; };
/* End PBXFileReference section */

/* Begin PBXFrameworksBuildPhase section */
		B1FFC5EB2AC215B8007EC192 /* Frameworks */ = {
			isa = PBXFrameworksBuildPhase;
			buildActionMask = 2147483647;
			files = (
			);
			runOnlyForDeploymentPostprocessing = 0;
		};
/* End PBXFrameworksBuildPhase section */

/* Begin PBXGroup section */
		A5FCFFFB2AC49DEA00D381E8 /* Utility */ = {
			isa = PBXGroup;
			children = (
				A79748562AC34B9100660AC4 /* Utility.swift */,
				A5FCFFFC2AC49E0000D381E8 /* HapticService.swift */,
				A5FCFFFE2AC4A45500D381E8 /* SoundManager.swift */,
			);
			path = Utility;
			sourceTree = "<group>";
		};
		A797484B2AC340E600660AC4 /* Structures */ = {
			isa = PBXGroup;
			children = (
				A79748542AC344AE00660AC4 /* Player.swift */,
				A797484E2AC3412C00660AC4 /* Animal.swift */,
				A79748522AC3449700660AC4 /* Starfish.swift */,
				A79748502AC3446F00660AC4 /* Urchin.swift */,
				A797484C2AC3411E00660AC4 /* Puff.swift */,
			);
			path = Structures;
			sourceTree = "<group>";
		};
		B1D2BB672AC6158A00B50231 /* Sounds */ = {
			isa = PBXGroup;
			children = (
				A79748632AC662E200660AC4 /* plop.mp3 */,
				A79748622AC662E200660AC4 /* puff.mp3 */,
				B1D2BB652AC6157F00B50231 /* gameSound.mp3 */,
			);
			path = Sounds;
			sourceTree = "<group>";
		};
		B1FFC5E52AC215B8007EC192 = {
			isa = PBXGroup;
			children = (
				B1FFC5F02AC215B8007EC192 /* PuffMe */,
				B1FFC5EF2AC215B8007EC192 /* Products */,
			);
			sourceTree = "<group>";
		};
		B1FFC5EF2AC215B8007EC192 /* Products */ = {
			isa = PBXGroup;
			children = (
				B1FFC5EE2AC215B8007EC192 /* PuffMe.app */,
			);
			name = Products;
			sourceTree = "<group>";
		};
		B1FFC5F02AC215B8007EC192 /* PuffMe */ = {
			isa = PBXGroup;
			children = (
				B1D2BB672AC6158A00B50231 /* Sounds */,
				A5FCFFFB2AC49DEA00D381E8 /* Utility */,
				A797484B2AC340E600660AC4 /* Structures */,
				B1FFC60C2AC21804007EC192 /* GameOver */,
				B1FFC6092AC21770007EC192 /* Game */,
				B1FFC6082AC2176C007EC192 /* Menu */,
				B1FFC5F12AC215B8007EC192 /* AppDelegate.swift */,
				B1FFC5FB2AC215B9007EC192 /* Main.storyboard */,
				B1FFC5FE2AC215B9007EC192 /* Assets.xcassets */,
				B1FFC6002AC215B9007EC192 /* LaunchScreen.storyboard */,
			);
			path = PuffMe;
			sourceTree = "<group>";
		};
		B1FFC6082AC2176C007EC192 /* Menu */ = {
			isa = PBXGroup;
			children = (
				B1FFC60A2AC2178E007EC192 /* MenuScene.swift */,
			);
			path = Menu;
			sourceTree = "<group>";
		};
		B1FFC6092AC21770007EC192 /* Game */ = {
			isa = PBXGroup;
			children = (
				B1FFC5F52AC215B9007EC192 /* Actions.sks */,
				B1FFC5F32AC215B9007EC192 /* GameScene.sks */,
				A79748582AC5F62900660AC4 /* TutorialScene.swift */,
				B1FFC5F72AC215B9007EC192 /* GameScene.swift */,
				B1FFC5F92AC215B9007EC192 /* GameViewController.swift */,
			);
			path = Game;
			sourceTree = "<group>";
		};
		B1FFC60C2AC21804007EC192 /* GameOver */ = {
			isa = PBXGroup;
			children = (
				B1FFC60D2AC21813007EC192 /* GameOverScene.swift */,
			);
			path = GameOver;
			sourceTree = "<group>";
		};
/* End PBXGroup section */

/* Begin PBXNativeTarget section */
		B1FFC5ED2AC215B8007EC192 /* PuffMe */ = {
			isa = PBXNativeTarget;
			buildConfigurationList = B1FFC6052AC215B9007EC192 /* Build configuration list for PBXNativeTarget "PuffMe" */;
			buildPhases = (
				B1FFC5EA2AC215B8007EC192 /* Sources */,
				B1FFC5EB2AC215B8007EC192 /* Frameworks */,
				B1FFC5EC2AC215B8007EC192 /* Resources */,
			);
			buildRules = (
			);
			dependencies = (
			);
			name = PuffMe;
			productName = PuffMe;
			productReference = B1FFC5EE2AC215B8007EC192 /* PuffMe.app */;
			productType = "com.apple.product-type.application";
		};
/* End PBXNativeTarget section */

/* Begin PBXProject section */
		B1FFC5E62AC215B8007EC192 /* Project object */ = {
			isa = PBXProject;
			attributes = {
				BuildIndependentTargetsInParallel = 1;
				LastSwiftUpdateCheck = 1500;
				LastUpgradeCheck = 1500;
				TargetAttributes = {
					B1FFC5ED2AC215B8007EC192 = {
						CreatedOnToolsVersion = 15.0;
					};
				};
			};
			buildConfigurationList = B1FFC5E92AC215B8007EC192 /* Build configuration list for PBXProject "PuffMe" */;
			compatibilityVersion = "Xcode 14.0";
			developmentRegion = en;
			hasScannedForEncodings = 0;
			knownRegions = (
				en,
				Base,
			);
			mainGroup = B1FFC5E52AC215B8007EC192;
			productRefGroup = B1FFC5EF2AC215B8007EC192 /* Products */;
			projectDirPath = "";
			projectRoot = "";
			targets = (
				B1FFC5ED2AC215B8007EC192 /* PuffMe */,
			);
		};
/* End PBXProject section */

/* Begin PBXResourcesBuildPhase section */
		B1FFC5EC2AC215B8007EC192 /* Resources */ = {
			isa = PBXResourcesBuildPhase;
			buildActionMask = 2147483647;
			files = (
				B1FFC5FD2AC215B9007EC192 /* Main.storyboard in Resources */,
				A79748652AC662E300660AC4 /* plop.mp3 in Resources */,
				B1FFC5F42AC215B9007EC192 /* GameScene.sks in Resources */,
				B1FFC5FF2AC215B9007EC192 /* Assets.xcassets in Resources */,
				A79748642AC662E300660AC4 /* puff.mp3 in Resources */,
				B1FFC6022AC215B9007EC192 /* LaunchScreen.storyboard in Resources */,
				B1FFC5F62AC215B9007EC192 /* Actions.sks in Resources */,
				B1D2BB662AC6157F00B50231 /* gameSound.mp3 in Resources */,
			);
			runOnlyForDeploymentPostprocessing = 0;
		};
/* End PBXResourcesBuildPhase section */

/* Begin PBXSourcesBuildPhase section */
		B1FFC5EA2AC215B8007EC192 /* Sources */ = {
			isa = PBXSourcesBuildPhase;
			buildActionMask = 2147483647;
			files = (
				A79748512AC3446F00660AC4 /* Urchin.swift in Sources */,
				B1FFC60E2AC21813007EC192 /* GameOverScene.swift in Sources */,
				B1FFC5F82AC215B9007EC192 /* GameScene.swift in Sources */,
				A79748572AC34B9100660AC4 /* Utility.swift in Sources */,
				A5FCFFFF2AC4A45500D381E8 /* SoundManager.swift in Sources */,
				A79748532AC3449700660AC4 /* Starfish.swift in Sources */,
				A797484D2AC3411E00660AC4 /* Puff.swift in Sources */,
				B1FFC60B2AC2178E007EC192 /* MenuScene.swift in Sources */,
				A797484F2AC3412C00660AC4 /* Animal.swift in Sources */,
				A5FCFFFD2AC49E0000D381E8 /* HapticService.swift in Sources */,
				A79748592AC5F62900660AC4 /* TutorialScene.swift in Sources */,
				B1FFC5FA2AC215B9007EC192 /* GameViewController.swift in Sources */,
				A79748552AC344AE00660AC4 /* Player.swift in Sources */,
				B1FFC5F22AC215B8007EC192 /* AppDelegate.swift in Sources */,
			);
			runOnlyForDeploymentPostprocessing = 0;
		};
/* End PBXSourcesBuildPhase section */

/* Begin PBXVariantGroup section */
		B1FFC5FB2AC215B9007EC192 /* Main.storyboard */ = {
			isa = PBXVariantGroup;
			children = (
				B1FFC5FC2AC215B9007EC192 /* Base */,
			);
			name = Main.storyboard;
			sourceTree = "<group>";
		};
		B1FFC6002AC215B9007EC192 /* LaunchScreen.storyboard */ = {
			isa = PBXVariantGroup;
			children = (
				B1FFC6012AC215B9007EC192 /* Base */,
			);
			name = LaunchScreen.storyboard;
			sourceTree = "<group>";
		};
/* End PBXVariantGroup section */

/* Begin XCBuildConfiguration section */
		B1FFC6032AC215B9007EC192 /* Debug */ = {
			isa = XCBuildConfiguration;
			buildSettings = {
				ALWAYS_SEARCH_USER_PATHS = NO;
				ASSETCATALOG_COMPILER_GENERATE_SWIFT_ASSET_SYMBOL_EXTENSIONS = YES;
				CLANG_ANALYZER_NONNULL = YES;
				CLANG_ANALYZER_NUMBER_OBJECT_CONVERSION = YES_AGGRESSIVE;
				CLANG_CXX_LANGUAGE_STANDARD = "gnu++20";
				CLANG_ENABLE_MODULES = YES;
				CLANG_ENABLE_OBJC_ARC = YES;
				CLANG_ENABLE_OBJC_WEAK = YES;
				CLANG_WARN_BLOCK_CAPTURE_AUTORELEASING = YES;
				CLANG_WARN_BOOL_CONVERSION = YES;
				CLANG_WARN_COMMA = YES;
				CLANG_WARN_CONSTANT_CONVERSION = YES;
				CLANG_WARN_DEPRECATED_OBJC_IMPLEMENTATIONS = YES;
				CLANG_WARN_DIRECT_OBJC_ISA_USAGE = YES_ERROR;
				CLANG_WARN_DOCUMENTATION_COMMENTS = YES;
				CLANG_WARN_EMPTY_BODY = YES;
				CLANG_WARN_ENUM_CONVERSION = YES;
				CLANG_WARN_INFINITE_RECURSION = YES;
				CLANG_WARN_INT_CONVERSION = YES;
				CLANG_WARN_NON_LITERAL_NULL_CONVERSION = YES;
				CLANG_WARN_OBJC_IMPLICIT_RETAIN_SELF = YES;
				CLANG_WARN_OBJC_LITERAL_CONVERSION = YES;
				CLANG_WARN_OBJC_ROOT_CLASS = YES_ERROR;
				CLANG_WARN_QUOTED_INCLUDE_IN_FRAMEWORK_HEADER = YES;
				CLANG_WARN_RANGE_LOOP_ANALYSIS = YES;
				CLANG_WARN_STRICT_PROTOTYPES = YES;
				CLANG_WARN_SUSPICIOUS_MOVE = YES;
				CLANG_WARN_UNGUARDED_AVAILABILITY = YES_AGGRESSIVE;
				CLANG_WARN_UNREACHABLE_CODE = YES;
				CLANG_WARN__DUPLICATE_METHOD_MATCH = YES;
				COPY_PHASE_STRIP = NO;
				DEBUG_INFORMATION_FORMAT = dwarf;
				ENABLE_STRICT_OBJC_MSGSEND = YES;
				ENABLE_TESTABILITY = YES;
				ENABLE_USER_SCRIPT_SANDBOXING = YES;
				GCC_C_LANGUAGE_STANDARD = gnu17;
				GCC_DYNAMIC_NO_PIC = NO;
				GCC_NO_COMMON_BLOCKS = YES;
				GCC_OPTIMIZATION_LEVEL = 0;
				GCC_PREPROCESSOR_DEFINITIONS = (
					"DEBUG=1",
					"$(inherited)",
				);
				GCC_WARN_64_TO_32_BIT_CONVERSION = YES;
				GCC_WARN_ABOUT_RETURN_TYPE = YES_ERROR;
				GCC_WARN_UNDECLARED_SELECTOR = YES;
				GCC_WARN_UNINITIALIZED_AUTOS = YES_AGGRESSIVE;
				GCC_WARN_UNUSED_FUNCTION = YES;
				GCC_WARN_UNUSED_VARIABLE = YES;
				IPHONEOS_DEPLOYMENT_TARGET = 17.0;
				LOCALIZATION_PREFERS_STRING_CATALOGS = YES;
				MTL_ENABLE_DEBUG_INFO = INCLUDE_SOURCE;
				MTL_FAST_MATH = YES;
				ONLY_ACTIVE_ARCH = YES;
				SDKROOT = iphoneos;
				SWIFT_ACTIVE_COMPILATION_CONDITIONS = "DEBUG $(inherited)";
				SWIFT_OPTIMIZATION_LEVEL = "-Onone";
			};
			name = Debug;
		};
		B1FFC6042AC215B9007EC192 /* Release */ = {
			isa = XCBuildConfiguration;
			buildSettings = {
				ALWAYS_SEARCH_USER_PATHS = NO;
				ASSETCATALOG_COMPILER_GENERATE_SWIFT_ASSET_SYMBOL_EXTENSIONS = YES;
				CLANG_ANALYZER_NONNULL = YES;
				CLANG_ANALYZER_NUMBER_OBJECT_CONVERSION = YES_AGGRESSIVE;
				CLANG_CXX_LANGUAGE_STANDARD = "gnu++20";
				CLANG_ENABLE_MODULES = YES;
				CLANG_ENABLE_OBJC_ARC = YES;
				CLANG_ENABLE_OBJC_WEAK = YES;
				CLANG_WARN_BLOCK_CAPTURE_AUTORELEASING = YES;
				CLANG_WARN_BOOL_CONVERSION = YES;
				CLANG_WARN_COMMA = YES;
				CLANG_WARN_CONSTANT_CONVERSION = YES;
				CLANG_WARN_DEPRECATED_OBJC_IMPLEMENTATIONS = YES;
				CLANG_WARN_DIRECT_OBJC_ISA_USAGE = YES_ERROR;
				CLANG_WARN_DOCUMENTATION_COMMENTS = YES;
				CLANG_WARN_EMPTY_BODY = YES;
				CLANG_WARN_ENUM_CONVERSION = YES;
				CLANG_WARN_INFINITE_RECURSION = YES;
				CLANG_WARN_INT_CONVERSION = YES;
				CLANG_WARN_NON_LITERAL_NULL_CONVERSION = YES;
				CLANG_WARN_OBJC_IMPLICIT_RETAIN_SELF = YES;
				CLANG_WARN_OBJC_LITERAL_CONVERSION = YES;
				CLANG_WARN_OBJC_ROOT_CLASS = YES_ERROR;
				CLANG_WARN_QUOTED_INCLUDE_IN_FRAMEWORK_HEADER = YES;
				CLANG_WARN_RANGE_LOOP_ANALYSIS = YES;
				CLANG_WARN_STRICT_PROTOTYPES = YES;
				CLANG_WARN_SUSPICIOUS_MOVE = YES;
				CLANG_WARN_UNGUARDED_AVAILABILITY = YES_AGGRESSIVE;
				CLANG_WARN_UNREACHABLE_CODE = YES;
				CLANG_WARN__DUPLICATE_METHOD_MATCH = YES;
				COPY_PHASE_STRIP = NO;
				DEBUG_INFORMATION_FORMAT = "dwarf-with-dsym";
				ENABLE_NS_ASSERTIONS = NO;
				ENABLE_STRICT_OBJC_MSGSEND = YES;
				ENABLE_USER_SCRIPT_SANDBOXING = YES;
				GCC_C_LANGUAGE_STANDARD = gnu17;
				GCC_NO_COMMON_BLOCKS = YES;
				GCC_WARN_64_TO_32_BIT_CONVERSION = YES;
				GCC_WARN_ABOUT_RETURN_TYPE = YES_ERROR;
				GCC_WARN_UNDECLARED_SELECTOR = YES;
				GCC_WARN_UNINITIALIZED_AUTOS = YES_AGGRESSIVE;
				GCC_WARN_UNUSED_FUNCTION = YES;
				GCC_WARN_UNUSED_VARIABLE = YES;
				IPHONEOS_DEPLOYMENT_TARGET = 17.0;
				LOCALIZATION_PREFERS_STRING_CATALOGS = YES;
				MTL_ENABLE_DEBUG_INFO = NO;
				MTL_FAST_MATH = YES;
				SDKROOT = iphoneos;
				SWIFT_COMPILATION_MODE = wholemodule;
				VALIDATE_PRODUCT = YES;
			};
			name = Release;
		};
		B1FFC6062AC215B9007EC192 /* Debug */ = {
			isa = XCBuildConfiguration;
			buildSettings = {
				ASSETCATALOG_COMPILER_APPICON_NAME = AppIcon;
				ASSETCATALOG_COMPILER_GLOBAL_ACCENT_COLOR_NAME = AccentColor;
				CODE_SIGN_STYLE = Automatic;
				CURRENT_PROJECT_VERSION = 1;
				DEVELOPMENT_TEAM = 3MS8Y2RCJZ;
				GENERATE_INFOPLIST_FILE = YES;
				INFOPLIST_KEY_CFBundleDisplayName = "Puff Me";
				INFOPLIST_KEY_LSApplicationCategoryType = "public.app-category.games";
				INFOPLIST_KEY_UIApplicationSupportsIndirectInputEvents = YES;
				INFOPLIST_KEY_UILaunchStoryboardName = LaunchScreen;
				INFOPLIST_KEY_UIMainStoryboardFile = Main;
				INFOPLIST_KEY_UIRequiresFullScreen = YES;
				INFOPLIST_KEY_UIStatusBarHidden = YES;
				INFOPLIST_KEY_UISupportedInterfaceOrientations = "UIInterfaceOrientationLandscapeLeft UIInterfaceOrientationLandscapeRight";
				IPHONEOS_DEPLOYMENT_TARGET = 15.0;
				LD_RUNPATH_SEARCH_PATHS = (
					"$(inherited)",
					"@executable_path/Frameworks",
				);
				MARKETING_VERSION = 1.0;
				PRODUCT_BUNDLE_IDENTIFIER = com.Puff;
				PRODUCT_NAME = "$(TARGET_NAME)";
				SWIFT_EMIT_LOC_STRINGS = YES;
				SWIFT_VERSION = 5.0;
				TARGETED_DEVICE_FAMILY = "1,2";
			};
			name = Debug;
		};
		B1FFC6072AC215B9007EC192 /* Release */ = {
			isa = XCBuildConfiguration;
			buildSettings = {
				ASSETCATALOG_COMPILER_APPICON_NAME = AppIcon;
				ASSETCATALOG_COMPILER_GLOBAL_ACCENT_COLOR_NAME = AccentColor;
				CODE_SIGN_STYLE = Automatic;
				CURRENT_PROJECT_VERSION = 1;
				DEVELOPMENT_TEAM = 3MS8Y2RCJZ;
				GENERATE_INFOPLIST_FILE = YES;
				INFOPLIST_KEY_CFBundleDisplayName = "Puff Me";
				INFOPLIST_KEY_LSApplicationCategoryType = "public.app-category.games";
				INFOPLIST_KEY_UIApplicationSupportsIndirectInputEvents = YES;
				INFOPLIST_KEY_UILaunchStoryboardName = LaunchScreen;
				INFOPLIST_KEY_UIMainStoryboardFile = Main;
				INFOPLIST_KEY_UIRequiresFullScreen = YES;
				INFOPLIST_KEY_UIStatusBarHidden = YES;
				INFOPLIST_KEY_UISupportedInterfaceOrientations = "UIInterfaceOrientationLandscapeLeft UIInterfaceOrientationLandscapeRight";
				IPHONEOS_DEPLOYMENT_TARGET = 15.0;
				LD_RUNPATH_SEARCH_PATHS = (
					"$(inherited)",
					"@executable_path/Frameworks",
				);
				MARKETING_VERSION = 1.0;
				PRODUCT_BUNDLE_IDENTIFIER = com.Puff;
				PRODUCT_NAME = "$(TARGET_NAME)";
				SWIFT_EMIT_LOC_STRINGS = YES;
				SWIFT_VERSION = 5.0;
				TARGETED_DEVICE_FAMILY = "1,2";
			};
			name = Release;
		};
/* End XCBuildConfiguration section */

/* Begin XCConfigurationList section */
		B1FFC5E92AC215B8007EC192 /* Build configuration list for PBXProject "PuffMe" */ = {
			isa = XCConfigurationList;
			buildConfigurations = (
				B1FFC6032AC215B9007EC192 /* Debug */,
				B1FFC6042AC215B9007EC192 /* Release */,
			);
			defaultConfigurationIsVisible = 0;
			defaultConfigurationName = Release;
		};
		B1FFC6052AC215B9007EC192 /* Build configuration list for PBXNativeTarget "PuffMe" */ = {
			isa = XCConfigurationList;
			buildConfigurations = (
				B1FFC6062AC215B9007EC192 /* Debug */,
				B1FFC6072AC215B9007EC192 /* Release */,
			);
			defaultConfigurationIsVisible = 0;
			defaultConfigurationName = Release;
		};
/* End XCConfigurationList section */
	};
	rootObject = B1FFC5E62AC215B8007EC192 /* Project object */;
}
